// !$*UTF8*$!
{
	archiveVersion = 1;
	classes = {
	};
	objectVersion = 50;
	objects = {

/* Begin PBXBuildFile section */
		2BA5B66C248C769900C1A6BD /* AbstractFactory.m in Sources */ = {isa = PBXBuildFile; fileRef = 2BA5B66B248C769900C1A6BD /* AbstractFactory.m */; };
		2BA5B66F248C771600C1A6BD /* iOSFactory.m in Sources */ = {isa = PBXBuildFile; fileRef = 2BA5B66E248C771600C1A6BD /* iOSFactory.m */; };
		2BA5B672248C772500C1A6BD /* AndroidFactory.m in Sources */ = {isa = PBXBuildFile; fileRef = 2BA5B671248C772500C1A6BD /* AndroidFactory.m */; };
		2BA5B675248C773D00C1A6BD /* iOSNumber.m in Sources */ = {isa = PBXBuildFile; fileRef = 2BA5B674248C773D00C1A6BD /* iOSNumber.m */; };
		2BA5B678248C774A00C1A6BD /* AndroidNumber.m in Sources */ = {isa = PBXBuildFile; fileRef = 2BA5B677248C774A00C1A6BD /* AndroidNumber.m */; };
		2BA5B67B248C775B00C1A6BD /* iOSString.m in Sources */ = {isa = PBXBuildFile; fileRef = 2BA5B67A248C775B00C1A6BD /* iOSString.m */; };
		2BA5B67E248C777100C1A6BD /* AndroidString.m in Sources */ = {isa = PBXBuildFile; fileRef = 2BA5B67D248C777100C1A6BD /* AndroidString.m */; };
		2BE681CD2489F454008F0FC8 /* AppDelegate.m in Sources */ = {isa = PBXBuildFile; fileRef = 2BE681CC2489F454008F0FC8 /* AppDelegate.m */; };
		2BE681D02489F454008F0FC8 /* SceneDelegate.m in Sources */ = {isa = PBXBuildFile; fileRef = 2BE681CF2489F454008F0FC8 /* SceneDelegate.m */; };
		2BE681D32489F454008F0FC8 /* ViewController.m in Sources */ = {isa = PBXBuildFile; fileRef = 2BE681D22489F454008F0FC8 /* ViewController.m */; };
		2BE681D62489F454008F0FC8 /* Main.storyboard in Resources */ = {isa = PBXBuildFile; fileRef = 2BE681D42489F454008F0FC8 /* Main.storyboard */; };
		2BE681D82489F455008F0FC8 /* Assets.xcassets in Resources */ = {isa = PBXBuildFile; fileRef = 2BE681D72489F455008F0FC8 /* Assets.xcassets */; };
		2BE681DB2489F455008F0FC8 /* LaunchScreen.storyboard in Resources */ = {isa = PBXBuildFile; fileRef = 2BE681D92489F455008F0FC8 /* LaunchScreen.storyboard */; };
		2BE681DE2489F455008F0FC8 /* main.m in Sources */ = {isa = PBXBuildFile; fileRef = 2BE681DD2489F455008F0FC8 /* main.m */; };
		2BE681E82489F456008F0FC8 /* DesignPatternsTests.m in Sources */ = {isa = PBXBuildFile; fileRef = 2BE681E72489F456008F0FC8 /* DesignPatternsTests.m */; };
		2BE681F32489F456008F0FC8 /* DesignPatternsUITests.m in Sources */ = {isa = PBXBuildFile; fileRef = 2BE681F22489F456008F0FC8 /* DesignPatternsUITests.m */; };
		2BE68212248A1DBE008F0FC8 /* Number.m in Sources */ = {isa = PBXBuildFile; fileRef = 2BE68211248A1DBE008F0FC8 /* Number.m */; };
		2BE68215248A1DD7008F0FC8 /* FloatNumber.m in Sources */ = {isa = PBXBuildFile; fileRef = 2BE68214248A1DD7008F0FC8 /* FloatNumber.m */; };
		2BE68218248A1DE5008F0FC8 /* IntNumber.m in Sources */ = {isa = PBXBuildFile; fileRef = 2BE68217248A1DE5008F0FC8 /* IntNumber.m */; };
		2BE6821B248A1E10008F0FC8 /* SimpleFactory.m in Sources */ = {isa = PBXBuildFile; fileRef = 2BE6821A248A1E10008F0FC8 /* SimpleFactory.m */; };
		2BE6821E248A2017008F0FC8 /* Value.m in Sources */ = {isa = PBXBuildFile; fileRef = 2BE6821D248A2016008F0FC8 /* Value.m */; };
		2BE68221248A205B008F0FC8 /* ValueFactory.m in Sources */ = {isa = PBXBuildFile; fileRef = 2BE68220248A205B008F0FC8 /* ValueFactory.m */; };
		2BE68224248A20DB008F0FC8 /* StringFactoryImpl.m in Sources */ = {isa = PBXBuildFile; fileRef = 2BE68223248A20DB008F0FC8 /* StringFactoryImpl.m */; };
		2BE68227248A20FA008F0FC8 /* String.m in Sources */ = {isa = PBXBuildFile; fileRef = 2BE68226248A20FA008F0FC8 /* String.m */; };
		2BE6822A248A214E008F0FC8 /* IntNumberFactoryImpl.m in Sources */ = {isa = PBXBuildFile; fileRef = 2BE68229248A214E008F0FC8 /* IntNumberFactoryImpl.m */; };
		2BE6822D248A224A008F0FC8 /* SymbolValue.m in Sources */ = {isa = PBXBuildFile; fileRef = 2BE6822C248A224A008F0FC8 /* SymbolValue.m */; };
		2BE68230248A2259008F0FC8 /* SymbolFactoryImpl.m in Sources */ = {isa = PBXBuildFile; fileRef = 2BE6822F248A2259008F0FC8 /* SymbolFactoryImpl.m */; };
/* End PBXBuildFile section */

/* Begin PBXContainerItemProxy section */
		2BE681E42489F456008F0FC8 /* PBXContainerItemProxy */ = {
			isa = PBXContainerItemProxy;
			containerPortal = 2BE681C02489F454008F0FC8 /* Project object */;
			proxyType = 1;
			remoteGlobalIDString = 2BE681C72489F454008F0FC8;
			remoteInfo = DesignPatterns;
		};
		2BE681EF2489F456008F0FC8 /* PBXContainerItemProxy */ = {
			isa = PBXContainerItemProxy;
			containerPortal = 2BE681C02489F454008F0FC8 /* Project object */;
			proxyType = 1;
			remoteGlobalIDString = 2BE681C72489F454008F0FC8;
			remoteInfo = DesignPatterns;
		};
/* End PBXContainerItemProxy section */

/* Begin PBXFileReference section */
		2BA5B66A248C769900C1A6BD /* AbstractFactory.h */ = {isa = PBXFileReference; lastKnownFileType = sourcecode.c.h; path = AbstractFactory.h; sourceTree = "<group>"; };
		2BA5B66B248C769900C1A6BD /* AbstractFactory.m */ = {isa = PBXFileReference; lastKnownFileType = sourcecode.c.objc; path = AbstractFactory.m; sourceTree = "<group>"; };
		2BA5B66D248C771600C1A6BD /* iOSFactory.h */ = {isa = PBXFileReference; lastKnownFileType = sourcecode.c.h; path = iOSFactory.h; sourceTree = "<group>"; };
		2BA5B66E248C771600C1A6BD /* iOSFactory.m */ = {isa = PBXFileReference; lastKnownFileType = sourcecode.c.objc; path = iOSFactory.m; sourceTree = "<group>"; };
		2BA5B670248C772500C1A6BD /* AndroidFactory.h */ = {isa = PBXFileReference; lastKnownFileType = sourcecode.c.h; path = AndroidFactory.h; sourceTree = "<group>"; };
		2BA5B671248C772500C1A6BD /* AndroidFactory.m */ = {isa = PBXFileReference; lastKnownFileType = sourcecode.c.objc; path = AndroidFactory.m; sourceTree = "<group>"; };
		2BA5B673248C773D00C1A6BD /* iOSNumber.h */ = {isa = PBXFileReference; lastKnownFileType = sourcecode.c.h; path = iOSNumber.h; sourceTree = "<group>"; };
		2BA5B674248C773D00C1A6BD /* iOSNumber.m */ = {isa = PBXFileReference; lastKnownFileType = sourcecode.c.objc; path = iOSNumber.m; sourceTree = "<group>"; };
		2BA5B676248C774A00C1A6BD /* AndroidNumber.h */ = {isa = PBXFileReference; lastKnownFileType = sourcecode.c.h; path = AndroidNumber.h; sourceTree = "<group>"; };
		2BA5B677248C774A00C1A6BD /* AndroidNumber.m */ = {isa = PBXFileReference; lastKnownFileType = sourcecode.c.objc; path = AndroidNumber.m; sourceTree = "<group>"; };
		2BA5B679248C775B00C1A6BD /* iOSString.h */ = {isa = PBXFileReference; lastKnownFileType = sourcecode.c.h; path = iOSString.h; sourceTree = "<group>"; };
		2BA5B67A248C775B00C1A6BD /* iOSString.m */ = {isa = PBXFileReference; lastKnownFileType = sourcecode.c.objc; path = iOSString.m; sourceTree = "<group>"; };
		2BA5B67C248C777100C1A6BD /* AndroidString.h */ = {isa = PBXFileReference; lastKnownFileType = sourcecode.c.h; path = AndroidString.h; sourceTree = "<group>"; };
		2BA5B67D248C777100C1A6BD /* AndroidString.m */ = {isa = PBXFileReference; lastKnownFileType = sourcecode.c.objc; path = AndroidString.m; sourceTree = "<group>"; };
		2BA5B67F248C77F000C1A6BD /* README.md */ = {isa = PBXFileReference; lastKnownFileType = net.daringfireball.markdown; path = README.md; sourceTree = "<group>"; };
		2BA5B680248C797500C1A6BD /* README.md */ = {isa = PBXFileReference; lastKnownFileType = net.daringfireball.markdown; path = README.md; sourceTree = "<group>"; };
		2BE681C82489F454008F0FC8 /* DesignPatterns.app */ = {isa = PBXFileReference; explicitFileType = wrapper.application; includeInIndex = 0; path = DesignPatterns.app; sourceTree = BUILT_PRODUCTS_DIR; };
		2BE681CB2489F454008F0FC8 /* AppDelegate.h */ = {isa = PBXFileReference; lastKnownFileType = sourcecode.c.h; path = AppDelegate.h; sourceTree = "<group>"; };
		2BE681CC2489F454008F0FC8 /* AppDelegate.m */ = {isa = PBXFileReference; lastKnownFileType = sourcecode.c.objc; path = AppDelegate.m; sourceTree = "<group>"; };
		2BE681CE2489F454008F0FC8 /* SceneDelegate.h */ = {isa = PBXFileReference; lastKnownFileType = sourcecode.c.h; path = SceneDelegate.h; sourceTree = "<group>"; };
		2BE681CF2489F454008F0FC8 /* SceneDelegate.m */ = {isa = PBXFileReference; lastKnownFileType = sourcecode.c.objc; path = SceneDelegate.m; sourceTree = "<group>"; };
		2BE681D12489F454008F0FC8 /* ViewController.h */ = {isa = PBXFileReference; lastKnownFileType = sourcecode.c.h; path = ViewController.h; sourceTree = "<group>"; };
		2BE681D22489F454008F0FC8 /* ViewController.m */ = {isa = PBXFileReference; lastKnownFileType = sourcecode.c.objc; path = ViewController.m; sourceTree = "<group>"; };
		2BE681D52489F454008F0FC8 /* Base */ = {isa = PBXFileReference; lastKnownFileType = file.storyboard; name = Base; path = Base.lproj/Main.storyboard; sourceTree = "<group>"; };
		2BE681D72489F455008F0FC8 /* Assets.xcassets */ = {isa = PBXFileReference; lastKnownFileType = folder.assetcatalog; path = Assets.xcassets; sourceTree = "<group>"; };
		2BE681DA2489F455008F0FC8 /* Base */ = {isa = PBXFileReference; lastKnownFileType = file.storyboard; name = Base; path = Base.lproj/LaunchScreen.storyboard; sourceTree = "<group>"; };
		2BE681DC2489F455008F0FC8 /* Info.plist */ = {isa = PBXFileReference; lastKnownFileType = text.plist.xml; path = Info.plist; sourceTree = "<group>"; };
		2BE681DD2489F455008F0FC8 /* main.m */ = {isa = PBXFileReference; lastKnownFileType = sourcecode.c.objc; path = main.m; sourceTree = "<group>"; };
		2BE681E32489F456008F0FC8 /* DesignPatternsTests.xctest */ = {isa = PBXFileReference; explicitFileType = wrapper.cfbundle; includeInIndex = 0; path = DesignPatternsTests.xctest; sourceTree = BUILT_PRODUCTS_DIR; };
		2BE681E72489F456008F0FC8 /* DesignPatternsTests.m */ = {isa = PBXFileReference; lastKnownFileType = sourcecode.c.objc; path = DesignPatternsTests.m; sourceTree = "<group>"; };
		2BE681E92489F456008F0FC8 /* Info.plist */ = {isa = PBXFileReference; lastKnownFileType = text.plist.xml; path = Info.plist; sourceTree = "<group>"; };
		2BE681EE2489F456008F0FC8 /* DesignPatternsUITests.xctest */ = {isa = PBXFileReference; explicitFileType = wrapper.cfbundle; includeInIndex = 0; path = DesignPatternsUITests.xctest; sourceTree = BUILT_PRODUCTS_DIR; };
		2BE681F22489F456008F0FC8 /* DesignPatternsUITests.m */ = {isa = PBXFileReference; lastKnownFileType = sourcecode.c.objc; path = DesignPatternsUITests.m; sourceTree = "<group>"; };
		2BE681F42489F456008F0FC8 /* Info.plist */ = {isa = PBXFileReference; lastKnownFileType = text.plist.xml; path = Info.plist; sourceTree = "<group>"; };
		2BE682032489F4DD008F0FC8 /* README.md */ = {isa = PBXFileReference; lastKnownFileType = net.daringfireball.markdown; path = README.md; sourceTree = "<group>"; };
		2BE68210248A1DBE008F0FC8 /* Number.h */ = {isa = PBXFileReference; lastKnownFileType = sourcecode.c.h; path = Number.h; sourceTree = "<group>"; };
		2BE68211248A1DBE008F0FC8 /* Number.m */ = {isa = PBXFileReference; lastKnownFileType = sourcecode.c.objc; path = Number.m; sourceTree = "<group>"; };
		2BE68213248A1DD7008F0FC8 /* FloatNumber.h */ = {isa = PBXFileReference; lastKnownFileType = sourcecode.c.h; path = FloatNumber.h; sourceTree = "<group>"; };
		2BE68214248A1DD7008F0FC8 /* FloatNumber.m */ = {isa = PBXFileReference; lastKnownFileType = sourcecode.c.objc; path = FloatNumber.m; sourceTree = "<group>"; };
		2BE68216248A1DE5008F0FC8 /* IntNumber.h */ = {isa = PBXFileReference; lastKnownFileType = sourcecode.c.h; path = IntNumber.h; sourceTree = "<group>"; };
		2BE68217248A1DE5008F0FC8 /* IntNumber.m */ = {isa = PBXFileReference; lastKnownFileType = sourcecode.c.objc; path = IntNumber.m; sourceTree = "<group>"; };
		2BE68219248A1E10008F0FC8 /* SimpleFactory.h */ = {isa = PBXFileReference; lastKnownFileType = sourcecode.c.h; path = SimpleFactory.h; sourceTree = "<group>"; };
		2BE6821A248A1E10008F0FC8 /* SimpleFactory.m */ = {isa = PBXFileReference; lastKnownFileType = sourcecode.c.objc; path = SimpleFactory.m; sourceTree = "<group>"; };
		2BE6821C248A2016008F0FC8 /* Value.h */ = {isa = PBXFileReference; lastKnownFileType = sourcecode.c.h; path = Value.h; sourceTree = "<group>"; };
		2BE6821D248A2016008F0FC8 /* Value.m */ = {isa = PBXFileReference; lastKnownFileType = sourcecode.c.objc; path = Value.m; sourceTree = "<group>"; };
		2BE6821F248A205B008F0FC8 /* ValueFactory.h */ = {isa = PBXFileReference; lastKnownFileType = sourcecode.c.h; path = ValueFactory.h; sourceTree = "<group>"; };
		2BE68220248A205B008F0FC8 /* ValueFactory.m */ = {isa = PBXFileReference; lastKnownFileType = sourcecode.c.objc; path = ValueFactory.m; sourceTree = "<group>"; };
		2BE68222248A20DB008F0FC8 /* StringFactoryImpl.h */ = {isa = PBXFileReference; lastKnownFileType = sourcecode.c.h; path = StringFactoryImpl.h; sourceTree = "<group>"; };
		2BE68223248A20DB008F0FC8 /* StringFactoryImpl.m */ = {isa = PBXFileReference; lastKnownFileType = sourcecode.c.objc; path = StringFactoryImpl.m; sourceTree = "<group>"; };
		2BE68225248A20FA008F0FC8 /* String.h */ = {isa = PBXFileReference; lastKnownFileType = sourcecode.c.h; path = String.h; sourceTree = "<group>"; };
		2BE68226248A20FA008F0FC8 /* String.m */ = {isa = PBXFileReference; lastKnownFileType = sourcecode.c.objc; path = String.m; sourceTree = "<group>"; };
		2BE68228248A214E008F0FC8 /* IntNumberFactoryImpl.h */ = {isa = PBXFileReference; lastKnownFileType = sourcecode.c.h; path = IntNumberFactoryImpl.h; sourceTree = "<group>"; };
		2BE68229248A214E008F0FC8 /* IntNumberFactoryImpl.m */ = {isa = PBXFileReference; lastKnownFileType = sourcecode.c.objc; path = IntNumberFactoryImpl.m; sourceTree = "<group>"; };
		2BE6822B248A224A008F0FC8 /* SymbolValue.h */ = {isa = PBXFileReference; lastKnownFileType = sourcecode.c.h; path = SymbolValue.h; sourceTree = "<group>"; };
		2BE6822C248A224A008F0FC8 /* SymbolValue.m */ = {isa = PBXFileReference; lastKnownFileType = sourcecode.c.objc; path = SymbolValue.m; sourceTree = "<group>"; };
		2BE6822E248A2259008F0FC8 /* SymbolFactoryImpl.h */ = {isa = PBXFileReference; lastKnownFileType = sourcecode.c.h; path = SymbolFactoryImpl.h; sourceTree = "<group>"; };
		2BE6822F248A2259008F0FC8 /* SymbolFactoryImpl.m */ = {isa = PBXFileReference; lastKnownFileType = sourcecode.c.objc; path = SymbolFactoryImpl.m; sourceTree = "<group>"; };
/* End PBXFileReference section */

/* Begin PBXFrameworksBuildPhase section */
		2BE681C52489F454008F0FC8 /* Frameworks */ = {
			isa = PBXFrameworksBuildPhase;
			buildActionMask = 2147483647;
			files = (
			);
			runOnlyForDeploymentPostprocessing = 0;
		};
		2BE681E02489F456008F0FC8 /* Frameworks */ = {
			isa = PBXFrameworksBuildPhase;
			buildActionMask = 2147483647;
			files = (
			);
			runOnlyForDeploymentPostprocessing = 0;
		};
		2BE681EB2489F456008F0FC8 /* Frameworks */ = {
			isa = PBXFrameworksBuildPhase;
			buildActionMask = 2147483647;
			files = (
			);
			runOnlyForDeploymentPostprocessing = 0;
		};
/* End PBXFrameworksBuildPhase section */

/* Begin PBXGroup section */
		2BE681BF2489F454008F0FC8 = {
			isa = PBXGroup;
			children = (
				2BE681CA2489F454008F0FC8 /* DesignPatterns */,
				2BE681E62489F456008F0FC8 /* DesignPatternsTests */,
				2BE681F12489F456008F0FC8 /* DesignPatternsUITests */,
				2BE681C92489F454008F0FC8 /* Products */,
			);
			sourceTree = "<group>";
		};
		2BE681C92489F454008F0FC8 /* Products */ = {
			isa = PBXGroup;
			children = (
				2BE681C82489F454008F0FC8 /* DesignPatterns.app */,
				2BE681E32489F456008F0FC8 /* DesignPatternsTests.xctest */,
				2BE681EE2489F456008F0FC8 /* DesignPatternsUITests.xctest */,
			);
			name = Products;
			sourceTree = "<group>";
		};
		2BE681CA2489F454008F0FC8 /* DesignPatterns */ = {
			isa = PBXGroup;
			children = (
				2BE682002489F46A008F0FC8 /* 1.SimpleFactory */,
				2BE682012489F484008F0FC8 /* 2.FactoryMethod */,
				2BE682022489F492008F0FC8 /* 3.AbstractMethod */,
				2BE681CB2489F454008F0FC8 /* AppDelegate.h */,
				2BE681CC2489F454008F0FC8 /* AppDelegate.m */,
				2BE681CE2489F454008F0FC8 /* SceneDelegate.h */,
				2BE681CF2489F454008F0FC8 /* SceneDelegate.m */,
				2BE681D12489F454008F0FC8 /* ViewController.h */,
				2BE681D22489F454008F0FC8 /* ViewController.m */,
				2BE681D42489F454008F0FC8 /* Main.storyboard */,
				2BE681D72489F455008F0FC8 /* Assets.xcassets */,
				2BE681D92489F455008F0FC8 /* LaunchScreen.storyboard */,
				2BE681DC2489F455008F0FC8 /* Info.plist */,
				2BE681DD2489F455008F0FC8 /* main.m */,
			);
			path = DesignPatterns;
			sourceTree = "<group>";
		};
		2BE681E62489F456008F0FC8 /* DesignPatternsTests */ = {
			isa = PBXGroup;
			children = (
				2BE681E72489F456008F0FC8 /* DesignPatternsTests.m */,
				2BE681E92489F456008F0FC8 /* Info.plist */,
			);
			path = DesignPatternsTests;
			sourceTree = "<group>";
		};
		2BE681F12489F456008F0FC8 /* DesignPatternsUITests */ = {
			isa = PBXGroup;
			children = (
				2BE681F22489F456008F0FC8 /* DesignPatternsUITests.m */,
				2BE681F42489F456008F0FC8 /* Info.plist */,
			);
			path = DesignPatternsUITests;
			sourceTree = "<group>";
		};
		2BE682002489F46A008F0FC8 /* 1.SimpleFactory */ = {
			isa = PBXGroup;
			children = (
				2BE682032489F4DD008F0FC8 /* README.md */,
				2BE68219248A1E10008F0FC8 /* SimpleFactory.h */,
				2BE6821A248A1E10008F0FC8 /* SimpleFactory.m */,
				2BE6821C248A2016008F0FC8 /* Value.h */,
				2BE6821D248A2016008F0FC8 /* Value.m */,
				2BE68210248A1DBE008F0FC8 /* Number.h */,
				2BE68211248A1DBE008F0FC8 /* Number.m */,
				2BE68213248A1DD7008F0FC8 /* FloatNumber.h */,
				2BE68214248A1DD7008F0FC8 /* FloatNumber.m */,
				2BE68216248A1DE5008F0FC8 /* IntNumber.h */,
				2BE68217248A1DE5008F0FC8 /* IntNumber.m */,
			);
			path = 1.SimpleFactory;
			sourceTree = "<group>";
		};
		2BE682012489F484008F0FC8 /* 2.FactoryMethod */ = {
			isa = PBXGroup;
			children = (
				2BE6821F248A205B008F0FC8 /* ValueFactory.h */,
				2BE68220248A205B008F0FC8 /* ValueFactory.m */,
				2BE68222248A20DB008F0FC8 /* StringFactoryImpl.h */,
				2BE68223248A20DB008F0FC8 /* StringFactoryImpl.m */,
				2BE68228248A214E008F0FC8 /* IntNumberFactoryImpl.h */,
				2BE68229248A214E008F0FC8 /* IntNumberFactoryImpl.m */,
				2BE6822E248A2259008F0FC8 /* SymbolFactoryImpl.h */,
				2BE6822F248A2259008F0FC8 /* SymbolFactoryImpl.m */,
				2BE68225248A20FA008F0FC8 /* String.h */,
				2BE68226248A20FA008F0FC8 /* String.m */,
				2BE6822B248A224A008F0FC8 /* SymbolValue.h */,
				2BE6822C248A224A008F0FC8 /* SymbolValue.m */,
				2BA5B680248C797500C1A6BD /* README.md */,
			);
			path = 2.FactoryMethod;
			sourceTree = "<group>";
		};
		2BE682022489F492008F0FC8 /* 3.AbstractMethod */ = {
			isa = PBXGroup;
			children = (
				2BA5B67F248C77F000C1A6BD /* README.md */,
				2BA5B66A248C769900C1A6BD /* AbstractFactory.h */,
				2BA5B66B248C769900C1A6BD /* AbstractFactory.m */,
				2BA5B66D248C771600C1A6BD /* iOSFactory.h */,
				2BA5B66E248C771600C1A6BD /* iOSFactory.m */,
				2BA5B670248C772500C1A6BD /* AndroidFactory.h */,
				2BA5B671248C772500C1A6BD /* AndroidFactory.m */,
				2BA5B673248C773D00C1A6BD /* iOSNumber.h */,
				2BA5B674248C773D00C1A6BD /* iOSNumber.m */,
				2BA5B679248C775B00C1A6BD /* iOSString.h */,
				2BA5B67A248C775B00C1A6BD /* iOSString.m */,
				2BA5B676248C774A00C1A6BD /* AndroidNumber.h */,
				2BA5B677248C774A00C1A6BD /* AndroidNumber.m */,
				2BA5B67C248C777100C1A6BD /* AndroidString.h */,
				2BA5B67D248C777100C1A6BD /* AndroidString.m */,
			);
			path = 3.AbstractMethod;
			sourceTree = "<group>";
		};
/* End PBXGroup section */

/* Begin PBXNativeTarget section */
		2BE681C72489F454008F0FC8 /* DesignPatterns */ = {
			isa = PBXNativeTarget;
			buildConfigurationList = 2BE681F72489F456008F0FC8 /* Build configuration list for PBXNativeTarget "DesignPatterns" */;
			buildPhases = (
				2BE681C42489F454008F0FC8 /* Sources */,
				2BE681C52489F454008F0FC8 /* Frameworks */,
				2BE681C62489F454008F0FC8 /* Resources */,
			);
			buildRules = (
			);
			dependencies = (
			);
			name = DesignPatterns;
			productName = DesignPatterns;
			productReference = 2BE681C82489F454008F0FC8 /* DesignPatterns.app */;
			productType = "com.apple.product-type.application";
		};
		2BE681E22489F456008F0FC8 /* DesignPatternsTests */ = {
			isa = PBXNativeTarget;
			buildConfigurationList = 2BE681FA2489F456008F0FC8 /* Build configuration list for PBXNativeTarget "DesignPatternsTests" */;
			buildPhases = (
				2BE681DF2489F456008F0FC8 /* Sources */,
				2BE681E02489F456008F0FC8 /* Frameworks */,
				2BE681E12489F456008F0FC8 /* Resources */,
			);
			buildRules = (
			);
			dependencies = (
				2BE681E52489F456008F0FC8 /* PBXTargetDependency */,
			);
			name = DesignPatternsTests;
			productName = DesignPatternsTests;
			productReference = 2BE681E32489F456008F0FC8 /* DesignPatternsTests.xctest */;
			productType = "com.apple.product-type.bundle.unit-test";
		};
		2BE681ED2489F456008F0FC8 /* DesignPatternsUITests */ = {
			isa = PBXNativeTarget;
			buildConfigurationList = 2BE681FD2489F456008F0FC8 /* Build configuration list for PBXNativeTarget "DesignPatternsUITests" */;
			buildPhases = (
				2BE681EA2489F456008F0FC8 /* Sources */,
				2BE681EB2489F456008F0FC8 /* Frameworks */,
				2BE681EC2489F456008F0FC8 /* Resources */,
			);
			buildRules = (
			);
			dependencies = (
				2BE681F02489F456008F0FC8 /* PBXTargetDependency */,
			);
			name = DesignPatternsUITests;
			productName = DesignPatternsUITests;
			productReference = 2BE681EE2489F456008F0FC8 /* DesignPatternsUITests.xctest */;
			productType = "com.apple.product-type.bundle.ui-testing";
		};
/* End PBXNativeTarget section */

/* Begin PBXProject section */
		2BE681C02489F454008F0FC8 /* Project object */ = {
			isa = PBXProject;
			attributes = {
				LastUpgradeCheck = 1150;
				ORGANIZATIONNAME = bytedance;
				TargetAttributes = {
					2BE681C72489F454008F0FC8 = {
						CreatedOnToolsVersion = 11.5;
					};
					2BE681E22489F456008F0FC8 = {
						CreatedOnToolsVersion = 11.5;
						TestTargetID = 2BE681C72489F454008F0FC8;
					};
					2BE681ED2489F456008F0FC8 = {
						CreatedOnToolsVersion = 11.5;
						TestTargetID = 2BE681C72489F454008F0FC8;
					};
				};
			};
			buildConfigurationList = 2BE681C32489F454008F0FC8 /* Build configuration list for PBXProject "DesignPatterns" */;
			compatibilityVersion = "Xcode 9.3";
			developmentRegion = en;
			hasScannedForEncodings = 0;
			knownRegions = (
				en,
				Base,
			);
			mainGroup = 2BE681BF2489F454008F0FC8;
			productRefGroup = 2BE681C92489F454008F0FC8 /* Products */;
			projectDirPath = "";
			projectRoot = "";
			targets = (
				2BE681C72489F454008F0FC8 /* DesignPatterns */,
				2BE681E22489F456008F0FC8 /* DesignPatternsTests */,
				2BE681ED2489F456008F0FC8 /* DesignPatternsUITests */,
			);
		};
/* End PBXProject section */

/* Begin PBXResourcesBuildPhase section */
		2BE681C62489F454008F0FC8 /* Resources */ = {
			isa = PBXResourcesBuildPhase;
			buildActionMask = 2147483647;
			files = (
				2BE681DB2489F455008F0FC8 /* LaunchScreen.storyboard in Resources */,
				2BE681D82489F455008F0FC8 /* Assets.xcassets in Resources */,
				2BE681D62489F454008F0FC8 /* Main.storyboard in Resources */,
			);
			runOnlyForDeploymentPostprocessing = 0;
		};
		2BE681E12489F456008F0FC8 /* Resources */ = {
			isa = PBXResourcesBuildPhase;
			buildActionMask = 2147483647;
			files = (
			);
			runOnlyForDeploymentPostprocessing = 0;
		};
		2BE681EC2489F456008F0FC8 /* Resources */ = {
			isa = PBXResourcesBuildPhase;
			buildActionMask = 2147483647;
			files = (
			);
			runOnlyForDeploymentPostprocessing = 0;
		};
/* End PBXResourcesBuildPhase section */

/* Begin PBXSourcesBuildPhase section */
		2BE681C42489F454008F0FC8 /* Sources */ = {
			isa = PBXSourcesBuildPhase;
			buildActionMask = 2147483647;
			files = (
				2BA5B672248C772500C1A6BD /* AndroidFactory.m in Sources */,
				2BA5B67B248C775B00C1A6BD /* iOSString.m in Sources */,
				2BE68221248A205B008F0FC8 /* ValueFactory.m in Sources */,
				2BE6821E248A2017008F0FC8 /* Value.m in Sources */,
				2BE681D32489F454008F0FC8 /* ViewController.m in Sources */,
				2BE681CD2489F454008F0FC8 /* AppDelegate.m in Sources */,
				2BE68215248A1DD7008F0FC8 /* FloatNumber.m in Sources */,
				2BA5B675248C773D00C1A6BD /* iOSNumber.m in Sources */,
				2BE68230248A2259008F0FC8 /* SymbolFactoryImpl.m in Sources */,
				2BE6822D248A224A008F0FC8 /* SymbolValue.m in Sources */,
				2BE6822A248A214E008F0FC8 /* IntNumberFactoryImpl.m in Sources */,
				2BA5B66C248C769900C1A6BD /* AbstractFactory.m in Sources */,
				2BE681DE2489F455008F0FC8 /* main.m in Sources */,
				2BA5B678248C774A00C1A6BD /* AndroidNumber.m in Sources */,
				2BA5B66F248C771600C1A6BD /* iOSFactory.m in Sources */,
				2BE68227248A20FA008F0FC8 /* String.m in Sources */,
				2BA5B67E248C777100C1A6BD /* AndroidString.m in Sources */,
				2BE6821B248A1E10008F0FC8 /* SimpleFactory.m in Sources */,
				2BE68212248A1DBE008F0FC8 /* Number.m in Sources */,
				2BE681D02489F454008F0FC8 /* SceneDelegate.m in Sources */,
				2BE68224248A20DB008F0FC8 /* StringFactoryImpl.m in Sources */,
				2BE68218248A1DE5008F0FC8 /* IntNumber.m in Sources */,
			);
			runOnlyForDeploymentPostprocessing = 0;
		};
		2BE681DF2489F456008F0FC8 /* Sources */ = {
			isa = PBXSourcesBuildPhase;
			buildActionMask = 2147483647;
			files = (
				2BE681E82489F456008F0FC8 /* DesignPatternsTests.m in Sources */,
			);
			runOnlyForDeploymentPostprocessing = 0;
		};
		2BE681EA2489F456008F0FC8 /* Sources */ = {
			isa = PBXSourcesBuildPhase;
			buildActionMask = 2147483647;
			files = (
				2BE681F32489F456008F0FC8 /* DesignPatternsUITests.m in Sources */,
			);
			runOnlyForDeploymentPostprocessing = 0;
		};
/* End PBXSourcesBuildPhase section */

/* Begin PBXTargetDependency section */
		2BE681E52489F456008F0FC8 /* PBXTargetDependency */ = {
			isa = PBXTargetDependency;
			target = 2BE681C72489F454008F0FC8 /* DesignPatterns */;
			targetProxy = 2BE681E42489F456008F0FC8 /* PBXContainerItemProxy */;
		};
		2BE681F02489F456008F0FC8 /* PBXTargetDependency */ = {
			isa = PBXTargetDependency;
			target = 2BE681C72489F454008F0FC8 /* DesignPatterns */;
			targetProxy = 2BE681EF2489F456008F0FC8 /* PBXContainerItemProxy */;
		};
/* End PBXTargetDependency section */

/* Begin PBXVariantGroup section */
		2BE681D42489F454008F0FC8 /* Main.storyboard */ = {
			isa = PBXVariantGroup;
			children = (
				2BE681D52489F454008F0FC8 /* Base */,
			);
			name = Main.storyboard;
			sourceTree = "<group>";
		};
		2BE681D92489F455008F0FC8 /* LaunchScreen.storyboard */ = {
			isa = PBXVariantGroup;
			children = (
				2BE681DA2489F455008F0FC8 /* Base */,
			);
			name = LaunchScreen.storyboard;
			sourceTree = "<group>";
		};
/* End PBXVariantGroup section */

/* Begin XCBuildConfiguration section */
		2BE681F52489F456008F0FC8 /* Debug */ = {
			isa = XCBuildConfiguration;
			buildSettings = {
				ALWAYS_SEARCH_USER_PATHS = NO;
				CLANG_ANALYZER_NONNULL = YES;
				CLANG_ANALYZER_NUMBER_OBJECT_CONVERSION = YES_AGGRESSIVE;
				CLANG_CXX_LANGUAGE_STANDARD = "gnu++14";
				CLANG_CXX_LIBRARY = "libc++";
				CLANG_ENABLE_MODULES = YES;
				CLANG_ENABLE_OBJC_ARC = YES;
				CLANG_ENABLE_OBJC_WEAK = YES;
				CLANG_WARN_BLOCK_CAPTURE_AUTORELEASING = YES;
				CLANG_WARN_BOOL_CONVERSION = YES;
				CLANG_WARN_COMMA = YES;
				CLANG_WARN_CONSTANT_CONVERSION = YES;
				CLANG_WARN_DEPRECATED_OBJC_IMPLEMENTATIONS = YES;
				CLANG_WARN_DIRECT_OBJC_ISA_USAGE = YES_ERROR;
				CLANG_WARN_DOCUMENTATION_COMMENTS = YES;
				CLANG_WARN_EMPTY_BODY = YES;
				CLANG_WARN_ENUM_CONVERSION = YES;
				CLANG_WARN_INFINITE_RECURSION = YES;
				CLANG_WARN_INT_CONVERSION = YES;
				CLANG_WARN_NON_LITERAL_NULL_CONVERSION = YES;
				CLANG_WARN_OBJC_IMPLICIT_RETAIN_SELF = YES;
				CLANG_WARN_OBJC_LITERAL_CONVERSION = YES;
				CLANG_WARN_OBJC_ROOT_CLASS = YES_ERROR;
				CLANG_WARN_RANGE_LOOP_ANALYSIS = YES;
				CLANG_WARN_STRICT_PROTOTYPES = YES;
				CLANG_WARN_SUSPICIOUS_MOVE = YES;
				CLANG_WARN_UNGUARDED_AVAILABILITY = YES_AGGRESSIVE;
				CLANG_WARN_UNREACHABLE_CODE = YES;
				CLANG_WARN__DUPLICATE_METHOD_MATCH = YES;
				COPY_PHASE_STRIP = NO;
				DEBUG_INFORMATION_FORMAT = dwarf;
				ENABLE_STRICT_OBJC_MSGSEND = YES;
				ENABLE_TESTABILITY = YES;
				GCC_C_LANGUAGE_STANDARD = gnu11;
				GCC_DYNAMIC_NO_PIC = NO;
				GCC_NO_COMMON_BLOCKS = YES;
				GCC_OPTIMIZATION_LEVEL = 0;
				GCC_PREPROCESSOR_DEFINITIONS = (
					"DEBUG=1",
					"$(inherited)",
				);
				GCC_WARN_64_TO_32_BIT_CONVERSION = YES;
				GCC_WARN_ABOUT_RETURN_TYPE = YES_ERROR;
				GCC_WARN_UNDECLARED_SELECTOR = YES;
				GCC_WARN_UNINITIALIZED_AUTOS = YES_AGGRESSIVE;
				GCC_WARN_UNUSED_FUNCTION = YES;
				GCC_WARN_UNUSED_VARIABLE = YES;
				IPHONEOS_DEPLOYMENT_TARGET = 13.5;
				MTL_ENABLE_DEBUG_INFO = INCLUDE_SOURCE;
				MTL_FAST_MATH = YES;
				ONLY_ACTIVE_ARCH = YES;
				SDKROOT = iphoneos;
			};
			name = Debug;
		};
		2BE681F62489F456008F0FC8 /* Release */ = {
			isa = XCBuildConfiguration;
			buildSettings = {
				ALWAYS_SEARCH_USER_PATHS = NO;
				CLANG_ANALYZER_NONNULL = YES;
				CLANG_ANALYZER_NUMBER_OBJECT_CONVERSION = YES_AGGRESSIVE;
				CLANG_CXX_LANGUAGE_STANDARD = "gnu++14";
				CLANG_CXX_LIBRARY = "libc++";
				CLANG_ENABLE_MODULES = YES;
				CLANG_ENABLE_OBJC_ARC = YES;
				CLANG_ENABLE_OBJC_WEAK = YES;
				CLANG_WARN_BLOCK_CAPTURE_AUTORELEASING = YES;
				CLANG_WARN_BOOL_CONVERSION = YES;
				CLANG_WARN_COMMA = YES;
				CLANG_WARN_CONSTANT_CONVERSION = YES;
				CLANG_WARN_DEPRECATED_OBJC_IMPLEMENTATIONS = YES;
				CLANG_WARN_DIRECT_OBJC_ISA_USAGE = YES_ERROR;
				CLANG_WARN_DOCUMENTATION_COMMENTS = YES;
				CLANG_WARN_EMPTY_BODY = YES;
				CLANG_WARN_ENUM_CONVERSION = YES;
				CLANG_WARN_INFINITE_RECURSION = YES;
				CLANG_WARN_INT_CONVERSION = YES;
				CLANG_WARN_NON_LITERAL_NULL_CONVERSION = YES;
				CLANG_WARN_OBJC_IMPLICIT_RETAIN_SELF = YES;
				CLANG_WARN_OBJC_LITERAL_CONVERSION = YES;
				CLANG_WARN_OBJC_ROOT_CLASS = YES_ERROR;
				CLANG_WARN_RANGE_LOOP_ANALYSIS = YES;
				CLANG_WARN_STRICT_PROTOTYPES = YES;
				CLANG_WARN_SUSPICIOUS_MOVE = YES;
				CLANG_WARN_UNGUARDED_AVAILABILITY = YES_AGGRESSIVE;
				CLANG_WARN_UNREACHABLE_CODE = YES;
				CLANG_WARN__DUPLICATE_METHOD_MATCH = YES;
				COPY_PHASE_STRIP = NO;
				DEBUG_INFORMATION_FORMAT = "dwarf-with-dsym";
				ENABLE_NS_ASSERTIONS = NO;
				ENABLE_STRICT_OBJC_MSGSEND = YES;
				GCC_C_LANGUAGE_STANDARD = gnu11;
				GCC_NO_COMMON_BLOCKS = YES;
				GCC_WARN_64_TO_32_BIT_CONVERSION = YES;
				GCC_WARN_ABOUT_RETURN_TYPE = YES_ERROR;
				GCC_WARN_UNDECLARED_SELECTOR = YES;
				GCC_WARN_UNINITIALIZED_AUTOS = YES_AGGRESSIVE;
				GCC_WARN_UNUSED_FUNCTION = YES;
				GCC_WARN_UNUSED_VARIABLE = YES;
				IPHONEOS_DEPLOYMENT_TARGET = 13.5;
				MTL_ENABLE_DEBUG_INFO = NO;
				MTL_FAST_MATH = YES;
				SDKROOT = iphoneos;
				VALIDATE_PRODUCT = YES;
			};
			name = Release;
		};
		2BE681F82489F456008F0FC8 /* Debug */ = {
			isa = XCBuildConfiguration;
			buildSettings = {
				ASSETCATALOG_COMPILER_APPICON_NAME = AppIcon;
				CODE_SIGN_STYLE = Automatic;
				DEVELOPMENT_TEAM = ZA43ZW39F3;
				INFOPLIST_FILE = DesignPatterns/Info.plist;
				LD_RUNPATH_SEARCH_PATHS = (
					"$(inherited)",
					"@executable_path/Frameworks",
				);
				PRODUCT_BUNDLE_IDENTIFIER = com.sevenuncle.org.DesignPatterns;
				PRODUCT_NAME = "$(TARGET_NAME)";
				TARGETED_DEVICE_FAMILY = "1,2";
			};
			name = Debug;
		};
		2BE681F92489F456008F0FC8 /* Release */ = {
			isa = XCBuildConfiguration;
			buildSettings = {
				ASSETCATALOG_COMPILER_APPICON_NAME = AppIcon;
				CODE_SIGN_STYLE = Automatic;
				DEVELOPMENT_TEAM = ZA43ZW39F3;
				INFOPLIST_FILE = DesignPatterns/Info.plist;
				LD_RUNPATH_SEARCH_PATHS = (
					"$(inherited)",
					"@executable_path/Frameworks",
				);
				PRODUCT_BUNDLE_IDENTIFIER = com.sevenuncle.org.DesignPatterns;
				PRODUCT_NAME = "$(TARGET_NAME)";
				TARGETED_DEVICE_FAMILY = "1,2";
			};
			name = Release;
		};
		2BE681FB2489F456008F0FC8 /* Debug */ = {
			isa = XCBuildConfiguration;
			buildSettings = {
				BUNDLE_LOADER = "$(TEST_HOST)";
				CODE_SIGN_STYLE = Automatic;
				DEVELOPMENT_TEAM = ZA43ZW39F3;
				INFOPLIST_FILE = DesignPatternsTests/Info.plist;
				IPHONEOS_DEPLOYMENT_TARGET = 13.5;
				LD_RUNPATH_SEARCH_PATHS = (
					"$(inherited)",
					"@executable_path/Frameworks",
					"@loader_path/Frameworks",
				);
				PRODUCT_BUNDLE_IDENTIFIER = com.sevenuncle.org.DesignPatternsTests;
				PRODUCT_NAME = "$(TARGET_NAME)";
				TARGETED_DEVICE_FAMILY = "1,2";
				TEST_HOST = "$(BUILT_PRODUCTS_DIR)/DesignPatterns.app/DesignPatterns";
			};
			name = Debug;
		};
		2BE681FC2489F456008F0FC8 /* Release */ = {
			isa = XCBuildConfiguration;
			buildSettings = {
				BUNDLE_LOADER = "$(TEST_HOST)";
				CODE_SIGN_STYLE = Automatic;
				DEVELOPMENT_TEAM = ZA43ZW39F3;
				INFOPLIST_FILE = DesignPatternsTests/Info.plist;
				IPHONEOS_DEPLOYMENT_TARGET = 13.5;
				LD_RUNPATH_SEARCH_PATHS = (
					"$(inherited)",
					"@executable_path/Frameworks",
					"@loader_path/Frameworks",
				);
				PRODUCT_BUNDLE_IDENTIFIER = com.sevenuncle.org.DesignPatternsTests;
				PRODUCT_NAME = "$(TARGET_NAME)";
				TARGETED_DEVICE_FAMILY = "1,2";
				TEST_HOST = "$(BUILT_PRODUCTS_DIR)/DesignPatterns.app/DesignPatterns";
			};
			name = Release;
		};
		2BE681FE2489F456008F0FC8 /* Debug */ = {
			isa = XCBuildConfiguration;
			buildSettings = {
				CODE_SIGN_STYLE = Automatic;
				DEVELOPMENT_TEAM = ZA43ZW39F3;
				INFOPLIST_FILE = DesignPatternsUITests/Info.plist;
				LD_RUNPATH_SEARCH_PATHS = (
					"$(inherited)",
					"@executable_path/Frameworks",
					"@loader_path/Frameworks",
				);
				PRODUCT_BUNDLE_IDENTIFIER = com.sevenuncle.org.DesignPatternsUITests;
				PRODUCT_NAME = "$(TARGET_NAME)";
				TARGETED_DEVICE_FAMILY = "1,2";
				TEST_TARGET_NAME = DesignPatterns;
			};
			name = Debug;
		};
		2BE681FF2489F456008F0FC8 /* Release */ = {
			isa = XCBuildConfiguration;
			buildSettings = {
				CODE_SIGN_STYLE = Automatic;
				DEVELOPMENT_TEAM = ZA43ZW39F3;
				INFOPLIST_FILE = DesignPatternsUITests/Info.plist;
				LD_RUNPATH_SEARCH_PATHS = (
					"$(inherited)",
					"@executable_path/Frameworks",
					"@loader_path/Frameworks",
				);
				PRODUCT_BUNDLE_IDENTIFIER = com.sevenuncle.org.DesignPatternsUITests;
				PRODUCT_NAME = "$(TARGET_NAME)";
				TARGETED_DEVICE_FAMILY = "1,2";
				TEST_TARGET_NAME = DesignPatterns;
			};
			name = Release;
		};
/* End XCBuildConfiguration section */

/* Begin XCConfigurationList section */
		2BE681C32489F454008F0FC8 /* Build configuration list for PBXProject "DesignPatterns" */ = {
			isa = XCConfigurationList;
			buildConfigurations = (
				2BE681F52489F456008F0FC8 /* Debug */,
				2BE681F62489F456008F0FC8 /* Release */,
			);
			defaultConfigurationIsVisible = 0;
			defaultConfigurationName = Release;
		};
		2BE681F72489F456008F0FC8 /* Build configuration list for PBXNativeTarget "DesignPatterns" */ = {
			isa = XCConfigurationList;
			buildConfigurations = (
				2BE681F82489F456008F0FC8 /* Debug */,
				2BE681F92489F456008F0FC8 /* Release */,
			);
			defaultConfigurationIsVisible = 0;
			defaultConfigurationName = Release;
		};
		2BE681FA2489F456008F0FC8 /* Build configuration list for PBXNativeTarget "DesignPatternsTests" */ = {
			isa = XCConfigurationList;
			buildConfigurations = (
				2BE681FB2489F456008F0FC8 /* Debug */,
				2BE681FC2489F456008F0FC8 /* Release */,
			);
			defaultConfigurationIsVisible = 0;
			defaultConfigurationName = Release;
		};
		2BE681FD2489F456008F0FC8 /* Build configuration list for PBXNativeTarget "DesignPatternsUITests" */ = {
			isa = XCConfigurationList;
			buildConfigurations = (
				2BE681FE2489F456008F0FC8 /* Debug */,
				2BE681FF2489F456008F0FC8 /* Release */,
			);
			defaultConfigurationIsVisible = 0;
			defaultConfigurationName = Release;
		};
/* End XCConfigurationList section */
	};
	rootObject = 2BE681C02489F454008F0FC8 /* Project object */;
}
